
Microsoft Visual Studio Solution File, Format Version 12.00
# Visual Studio Version 16
VisualStudioVersion = 16.0.31410.357
MinimumVisualStudioVersion = 10.0.40219.1
Project("{9A19103F-16F7-4668-BE54-9A1E7A4F7556}") = "Ngsa.LodeRunner", "Ngsa.LodeRunner.csproj", "{F9B26573-020C-48B7-9553-1143F62F92FC}"
	ProjectSection(ProjectDependencies) = postProject
		{52EC849B-6816-43A4-BBCF-3FAEE3DFBF11} = {52EC849B-6816-43A4-BBCF-3FAEE3DFBF11}
	EndProjectSection
EndProject
Project("{9A19103F-16F7-4668-BE54-9A1E7A4F7556}") = "Ngsa.DataAccessLayer", "Ngsa.DataAccessLayer\Ngsa.DataAccessLayer.csproj", "{52EC849B-6816-43A4-BBCF-3FAEE3DFBF11}"
EndProject
Global
	GlobalSection(SolutionConfigurationPlatforms) = preSolution
		Debug|Any CPU = Debug|Any CPU
		Release|Any CPU = Release|Any CPU
	EndGlobalSection
	GlobalSection(ProjectConfigurationPlatforms) = postSolution
		{F9B26573-020C-48B7-9553-1143F62F92FC}.Debug|Any CPU.ActiveCfg = Debug|Any CPU
		{F9B26573-020C-48B7-9553-1143F62F92FC}.Debug|Any CPU.Build.0 = Debug|Any CPU
		{F9B26573-020C-48B7-9553-1143F62F92FC}.Release|Any CPU.ActiveCfg = Release|Any CPU
		{F9B26573-020C-48B7-9553-1143F62F92FC}.Release|Any CPU.Build.0 = Release|Any CPU
		{52EC849B-6816-43A4-BBCF-3FAEE3DFBF11}.Debug|Any CPU.ActiveCfg = Debug|Any CPU
		{52EC849B-6816-43A4-BBCF-3FAEE3DFBF11}.Debug|Any CPU.Build.0 = Debug|Any CPU
		{52EC849B-6816-43A4-BBCF-3FAEE3DFBF11}.Release|Any CPU.ActiveCfg = Release|Any CPU
		{52EC849B-6816-43A4-BBCF-3FAEE3DFBF11}.Release|Any CPU.Build.0 = Release|Any CPU
	EndGlobalSection
	GlobalSection(SolutionProperties) = preSolution
		HideSolutionNode = FALSE
	EndGlobalSection
	GlobalSection(ExtensibilityGlobals) = postSolution
		SolutionGuid = {DEE2A29C-37A0-481F-A5E2-A49052FB4666}
	EndGlobalSection
EndGlobal
